
Microsoft Visual Studio Solution File, Format Version 12.00
# Visual Studio Version 16
VisualStudioVersion = 16.0.31424.327
MinimumVisualStudioVersion = 10.0.40219.1
Project("{9A19103F-16F7-4668-BE54-9A1E7A4F7556}") = "Store", "Store\Store.csproj", "{EF6F00C8-79AD-43BA-9C1B-299F90C9B16C}"
EndProject
Project("{9A19103F-16F7-4668-BE54-9A1E7A4F7556}") = "DataAccess", "DataAccess\DataAccess.csproj", "{13932C21-22BC-4F76-87DD-57B651B6BBB8}"
EndProject
Project("{9A19103F-16F7-4668-BE54-9A1E7A4F7556}") = "Model", "Model\Model.csproj", "{084E2292-F9BE-4787-ABA0-D5456BE61DD3}"
EndProject
Project("{9A19103F-16F7-4668-BE54-9A1E7A4F7556}") = "Repository", "Services\Repository.csproj", "{6F121E8B-462C-48BC-B05C-42D901984C7E}"
EndProject
Global
	GlobalSection(SolutionConfigurationPlatforms) = preSolution
		Debug|Any CPU = Debug|Any CPU
		Release|Any CPU = Release|Any CPU
	EndGlobalSection
	GlobalSection(ProjectConfigurationPlatforms) = postSolution
		{EF6F00C8-79AD-43BA-9C1B-299F90C9B16C}.Debug|Any CPU.ActiveCfg = Debug|Any CPU
		{EF6F00C8-79AD-43BA-9C1B-299F90C9B16C}.Debug|Any CPU.Build.0 = Debug|Any CPU
		{EF6F00C8-79AD-43BA-9C1B-299F90C9B16C}.Release|Any CPU.ActiveCfg = Release|Any CPU
		{EF6F00C8-79AD-43BA-9C1B-299F90C9B16C}.Release|Any CPU.Build.0 = Release|Any CPU
		{13932C21-22BC-4F76-87DD-57B651B6BBB8}.Debug|Any CPU.ActiveCfg = Debug|Any CPU
		{13932C21-22BC-4F76-87DD-57B651B6BBB8}.Debug|Any CPU.Build.0 = Debug|Any CPU
		{13932C21-22BC-4F76-87DD-57B651B6BBB8}.Release|Any CPU.ActiveCfg = Release|Any CPU
		{13932C21-22BC-4F76-87DD-57B651B6BBB8}.Release|Any CPU.Build.0 = Release|Any CPU
		{084E2292-F9BE-4787-ABA0-D5456BE61DD3}.Debug|Any CPU.ActiveCfg = Debug|Any CPU
		{084E2292-F9BE-4787-ABA0-D5456BE61DD3}.Debug|Any CPU.Build.0 = Debug|Any CPU
		{084E2292-F9BE-4787-ABA0-D5456BE61DD3}.Release|Any CPU.ActiveCfg = Release|Any CPU
		{084E2292-F9BE-4787-ABA0-D5456BE61DD3}.Release|Any CPU.Build.0 = Release|Any CPU
		{6F121E8B-462C-48BC-B05C-42D901984C7E}.Debug|Any CPU.ActiveCfg = Debug|Any CPU
		{6F121E8B-462C-48BC-B05C-42D901984C7E}.Debug|Any CPU.Build.0 = Debug|Any CPU
		{6F121E8B-462C-48BC-B05C-42D901984C7E}.Release|Any CPU.ActiveCfg = Release|Any CPU
		{6F121E8B-462C-48BC-B05C-42D901984C7E}.Release|Any CPU.Build.0 = Release|Any CPU
	EndGlobalSection
	GlobalSection(SolutionProperties) = preSolution
		HideSolutionNode = FALSE
	EndGlobalSection
	GlobalSection(ExtensibilityGlobals) = postSolution
		SolutionGuid = {8C8F67BF-BB38-40F8-9FFF-02DFE70750ED}
	EndGlobalSection
EndGlobal
